
Microsoft Visual Studio Solution File, Format Version 12.00
# Visual Studio Version 17
VisualStudioVersion = 17.8.34322.80
MinimumVisualStudioVersion = 10.0.40219.1
Project("{9A19103F-16F7-4668-BE54-9A1E7A4F7556}") = "ProyectoIndusur", "ProyectoIndusur\ProyectoIndusur.csproj", "{EBD81912-7C0B-46B1-B70A-9C052906EDD4}"
EndProject
Project("{9A19103F-16F7-4668-BE54-9A1E7A4F7556}") = "Infrastructure", "Infrastructure\Infrastructure.csproj", "{957D45E3-3672-40E5-A9E3-11883675CA6F}"
EndProject
Project("{FAE04EC0-301F-11D3-BF4B-00C04F79EFBC}") = "ConsoleClient", "ConsoleClient\ConsoleClient.csproj", "{A081D975-390C-404E-B108-B667F485810D}"
EndProject
Global
	GlobalSection(SolutionConfigurationPlatforms) = preSolution
		Debug|Any CPU = Debug|Any CPU
		Release|Any CPU = Release|Any CPU
	EndGlobalSection
	GlobalSection(ProjectConfigurationPlatforms) = postSolution
		{EBD81912-7C0B-46B1-B70A-9C052906EDD4}.Debug|Any CPU.ActiveCfg = Debug|Any CPU
		{EBD81912-7C0B-46B1-B70A-9C052906EDD4}.Debug|Any CPU.Build.0 = Debug|Any CPU
		{EBD81912-7C0B-46B1-B70A-9C052906EDD4}.Release|Any CPU.ActiveCfg = Release|Any CPU
		{EBD81912-7C0B-46B1-B70A-9C052906EDD4}.Release|Any CPU.Build.0 = Release|Any CPU
		{957D45E3-3672-40E5-A9E3-11883675CA6F}.Debug|Any CPU.ActiveCfg = Debug|Any CPU
		{957D45E3-3672-40E5-A9E3-11883675CA6F}.Debug|Any CPU.Build.0 = Debug|Any CPU
		{957D45E3-3672-40E5-A9E3-11883675CA6F}.Release|Any CPU.ActiveCfg = Release|Any CPU
		{957D45E3-3672-40E5-A9E3-11883675CA6F}.Release|Any CPU.Build.0 = Release|Any CPU
		{A081D975-390C-404E-B108-B667F485810D}.Debug|Any CPU.ActiveCfg = Debug|Any CPU
		{A081D975-390C-404E-B108-B667F485810D}.Debug|Any CPU.Build.0 = Debug|Any CPU
		{A081D975-390C-404E-B108-B667F485810D}.Release|Any CPU.ActiveCfg = Release|Any CPU
		{A081D975-390C-404E-B108-B667F485810D}.Release|Any CPU.Build.0 = Release|Any CPU
	EndGlobalSection
	GlobalSection(SolutionProperties) = preSolution
		HideSolutionNode = FALSE
	EndGlobalSection
	GlobalSection(ExtensibilityGlobals) = postSolution
		SolutionGuid = {8639C532-8570-4B94-82EB-34D455DFA17B}
	EndGlobalSection
EndGlobal
